<?xml version="1.0" encoding="utf-8"?>
<Project ToolsVersion="4.0" xmlns="http://schemas.microsoft.com/developer/msbuild/2003">
  <ItemGroup>
    <ClCompile Include="SharedObject1.cpp" />
    <ClCompile Include="err.cpp" />
    <ClCompile Include="gram.cpp" />
    <ClCompile Include="lex.cpp" />
    <ClCompile Include="main.cpp" />
    <ClCompile Include="pch.cpp" />
    <ClCompile Include="run.cpp" />
    <ClCompile Include="variab.cpp" />
  </ItemGroup>
  <ItemGroup>
    <ClInclude Include="SharedObject1.h" />
    <ClInclude Include="pch.h" />
    <ClInclude Include="nodo.h" />
    <ClInclude Include="pch1.h" />
    <ClInclude Include="vars.h" />
  </ItemGroup>
</Project>